version = 1
revision = 3
requires-python = ">=3.13"

[[package]]
name = "bibtexparser"
version = "1.4.3"
source = { registry = "https://pypi.org/simple" }
dependencies = [
    { name = "pyparsing" },
]
sdist = { url = "https://files.pythonhosted.org/packages/92/8d/e296c7af03757debd8fc80df2898cbed4fb69fc61ed2c9b4a1d42e923a9e/bibtexparser-1.4.3.tar.gz", hash = "sha256:a9c7ded64bc137720e4df0b1b7f12734edc1361185f1c9097048ff7c35af2b8f", size = 55582, upload-time = "2024-12-19T20:41:57.754Z" }

[[package]]
name = "mysite"
version = "0.1.0"
source = { virtual = "." }
dependencies = [
    { name = "bibtexparser" },
]

[package.metadata]
requires-dist = [{ name = "bibtexparser", specifier = ">=1.4.3" }]

[[package]]
name = "pyparsing"
version = "3.3.1"
source = { registry = "https://pypi.org/simple" }
sdist = { url = "https://files.pythonhosted.org/packages/33/c1/1d9de9aeaa1b89b0186e5fe23294ff6517fce1bc69149185577cd31016b2/pyparsing-3.3.1.tar.gz", hash = "sha256:47fad0f17ac1e2cad3de3b458570fbc9b03560aa029ed5e16ee5554da9a2251c", size = 1550512, upload-time = "2025-12-23T03:14:04.391Z" }
wheels = [
    { url = "https://files.pythonhosted.org/packages/8b/40/2614036cdd416452f5bf98ec037f38a1afb17f327cb8e6b652d4729e0af8/pyparsing-3.3.1-py3-none-any.whl", hash = "sha256:023b5e7e5520ad96642e2c6db4cb683d3970bd640cdf7115049a6e9c3682df82", size = 121793, upload-time = "2025-12-23T03:14:02.103Z" },
]
